
Microsoft Visual Studio Solution File, Format Version 12.00
# Visual Studio Version 17
VisualStudioVersion = 17.3.32901.215
MinimumVisualStudioVersion = 10.0.40219.1
Project("{8BC9CEB8-8B4A-11D0-8D11-00A0C91BC942}") = "Citra", "Citra.vcxproj", "{B7A55E74-D371-466F-B925-EBFAFFA84682}"
EndProject
Global
	GlobalSection(SolutionConfigurationPlatforms) = preSolution
		Debug|x64 = Debug|x64
		Debug|x86 = Debug|x86
		Release|x64 = Release|x64
		Release|x86 = Release|x86
	EndGlobalSection
	GlobalSection(ProjectConfigurationPlatforms) = postSolution
		{B7A55E74-D371-466F-B925-EBFAFFA84682}.Debug|x64.ActiveCfg = Debug|x64
		{B7A55E74-D371-466F-B925-EBFAFFA84682}.Debug|x64.Build.0 = Debug|x64
		{B7A55E74-D371-466F-B925-EBFAFFA84682}.Debug|x86.ActiveCfg = Debug|Win32
		{B7A55E74-D371-466F-B925-EBFAFFA84682}.Debug|x86.Build.0 = Debug|Win32
		{B7A55E74-D371-466F-B925-EBFAFFA84682}.Release|x64.ActiveCfg = Release|x64
		{B7A55E74-D371-466F-B925-EBFAFFA84682}.Release|x64.Build.0 = Release|x64
		{B7A55E74-D371-466F-B925-EBFAFFA84682}.Release|x86.ActiveCfg = Release|Win32
		{B7A55E74-D371-466F-B925-EBFAFFA84682}.Release|x86.Build.0 = Release|Win32
	EndGlobalSection
	GlobalSection(SolutionProperties) = preSolution
		HideSolutionNode = FALSE
	EndGlobalSection
	GlobalSection(ExtensibilityGlobals) = postSolution
		SolutionGuid = {81531589-9371-4AB1-ADF5-DA14ABB39C24}
	EndGlobalSection
EndGlobal
